
Microsoft Visual Studio Solution File, Format Version 12.00
# Visual Studio Version 17
VisualStudioVersion = 17.7.34009.444
MinimumVisualStudioVersion = 10.0.40219.1
Project("{FAE04EC0-301F-11D3-BF4B-00C04F79EFBC}") = "WordPad_WPF", "WordPad_WPF\WordPad_WPF.csproj", "{DC8BEAB4-EC7A-44EF-B1BD-8D9B548BDC8D}"
EndProject
Global
	GlobalSection(SolutionConfigurationPlatforms) = preSolution
		Debug|Any CPU = Debug|Any CPU
		Release|Any CPU = Release|Any CPU
	EndGlobalSection
	GlobalSection(ProjectConfigurationPlatforms) = postSolution
		{DC8BEAB4-EC7A-44EF-B1BD-8D9B548BDC8D}.Debug|Any CPU.ActiveCfg = Debug|Any CPU
		{DC8BEAB4-EC7A-44EF-B1BD-8D9B548BDC8D}.Debug|Any CPU.Build.0 = Debug|Any CPU
		{DC8BEAB4-EC7A-44EF-B1BD-8D9B548BDC8D}.Release|Any CPU.ActiveCfg = Release|Any CPU
		{DC8BEAB4-EC7A-44EF-B1BD-8D9B548BDC8D}.Release|Any CPU.Build.0 = Release|Any CPU
	EndGlobalSection
	GlobalSection(SolutionProperties) = preSolution
		HideSolutionNode = FALSE
	EndGlobalSection
	GlobalSection(ExtensibilityGlobals) = postSolution
		SolutionGuid = {CB699D95-0FFF-4D5D-B4C8-8A1622491CFE}
	EndGlobalSection
EndGlobal
